// !$*UTF8*$!
{
	archiveVersion = 1;
	classes = {
	};
	objectVersion = 56;
	objects = {

/* Begin PBXBuildFile section */
		0CAFAAA0299AAB7300BB9F10 /* AppDelegate.swift in Sources */ = {isa = PBXBuildFile; fileRef = 0CAFAA9F299AAB7300BB9F10 /* AppDelegate.swift */; };
		0CAFAAA2299AAB7300BB9F10 /* SceneDelegate.swift in Sources */ = {isa = PBXBuildFile; fileRef = 0CAFAAA1299AAB7300BB9F10 /* SceneDelegate.swift */; };
		0CAFAAA4299AAB7300BB9F10 /* FranceschiViewController.swift in Sources */ = {isa = PBXBuildFile; fileRef = 0CAFAAA3299AAB7300BB9F10 /* FranceschiViewController.swift */; };
		0CAFAAA9299AAB7600BB9F10 /* Assets.xcassets in Resources */ = {isa = PBXBuildFile; fileRef = 0CAFAAA8299AAB7600BB9F10 /* Assets.xcassets */; };
		0CAFAAAC299AAB7600BB9F10 /* LaunchScreen.storyboard in Resources */ = {isa = PBXBuildFile; fileRef = 0CAFAAAA299AAB7600BB9F10 /* LaunchScreen.storyboard */; };
		0CAFAAB7299AAB7600BB9F10 /* PoCPDFTests.swift in Sources */ = {isa = PBXBuildFile; fileRef = 0CAFAAB6299AAB7600BB9F10 /* PoCPDFTests.swift */; };
		0CAFAAC1299AAB7600BB9F10 /* PoCPDFUITests.swift in Sources */ = {isa = PBXBuildFile; fileRef = 0CAFAAC0299AAB7600BB9F10 /* PoCPDFUITests.swift */; };
		0CAFAAC3299AAB7600BB9F10 /* PoCPDFUITestsLaunchTests.swift in Sources */ = {isa = PBXBuildFile; fileRef = 0CAFAAC2299AAB7600BB9F10 /* PoCPDFUITestsLaunchTests.swift */; };
		0CAFAAD1299AB1B200BB9F10 /* PDFKit.framework in Frameworks */ = {isa = PBXBuildFile; fileRef = 0CAFAAD0299AB1B200BB9F10 /* PDFKit.framework */; };
		0CBBEEC629A6F053003B15E1 /* DMSBunierViewController.swift in Sources */ = {isa = PBXBuildFile; fileRef = 0CBBEEC529A6F053003B15E1 /* DMSBunierViewController.swift */; };
		0CBBEECA29A6F112003B15E1 /* FranceschiExemploExame.pdf in Resources */ = {isa = PBXBuildFile; fileRef = 0CBBEEC729A6F112003B15E1 /* FranceschiExemploExame.pdf */; };
		0CBBEECB29A6F112003B15E1 /* FleuryExemploExame.pdf in Resources */ = {isa = PBXBuildFile; fileRef = 0CBBEEC829A6F112003B15E1 /* FleuryExemploExame.pdf */; };
		0CBBEECC29A6F112003B15E1 /* DMSBunierExemplo.pdf in Resources */ = {isa = PBXBuildFile; fileRef = 0CBBEEC929A6F112003B15E1 /* DMSBunierExemplo.pdf */; };
		0CBBEECE29A6F648003B15E1 /* FlueryViewController.swift in Sources */ = {isa = PBXBuildFile; fileRef = 0CBBEECD29A6F648003B15E1 /* FlueryViewController.swift */; };
/* End PBXBuildFile section */

/* Begin PBXContainerItemProxy section */
		0CAFAAB3299AAB7600BB9F10 /* PBXContainerItemProxy */ = {
			isa = PBXContainerItemProxy;
			containerPortal = 0CAFAA94299AAB7300BB9F10 /* Project object */;
			proxyType = 1;
			remoteGlobalIDString = 0CAFAA9B299AAB7300BB9F10;
			remoteInfo = PoCPDF;
		};
		0CAFAABD299AAB7600BB9F10 /* PBXContainerItemProxy */ = {
			isa = PBXContainerItemProxy;
			containerPortal = 0CAFAA94299AAB7300BB9F10 /* Project object */;
			proxyType = 1;
			remoteGlobalIDString = 0CAFAA9B299AAB7300BB9F10;
			remoteInfo = PoCPDF;
		};
/* End PBXContainerItemProxy section */

/* Begin PBXFileReference section */
		0CAFAA9C299AAB7300BB9F10 /* PoCPDF.app */ = {isa = PBXFileReference; explicitFileType = wrapper.application; includeInIndex = 0; path = PoCPDF.app; sourceTree = BUILT_PRODUCTS_DIR; };
		0CAFAA9F299AAB7300BB9F10 /* AppDelegate.swift */ = {isa = PBXFileReference; lastKnownFileType = sourcecode.swift; path = AppDelegate.swift; sourceTree = "<group>"; };
		0CAFAAA1299AAB7300BB9F10 /* SceneDelegate.swift */ = {isa = PBXFileReference; lastKnownFileType = sourcecode.swift; path = SceneDelegate.swift; sourceTree = "<group>"; };
		0CAFAAA3299AAB7300BB9F10 /* FranceschiViewController.swift */ = {isa = PBXFileReference; lastKnownFileType = sourcecode.swift; path = FranceschiViewController.swift; sourceTree = "<group>"; };
		0CAFAAA8299AAB7600BB9F10 /* Assets.xcassets */ = {isa = PBXFileReference; lastKnownFileType = folder.assetcatalog; path = Assets.xcassets; sourceTree = "<group>"; };
		0CAFAAAB299AAB7600BB9F10 /* Base */ = {isa = PBXFileReference; lastKnownFileType = file.storyboard; name = Base; path = Base.lproj/LaunchScreen.storyboard; sourceTree = "<group>"; };
		0CAFAAAD299AAB7600BB9F10 /* Info.plist */ = {isa = PBXFileReference; lastKnownFileType = text.plist.xml; path = Info.plist; sourceTree = "<group>"; };
		0CAFAAB2299AAB7600BB9F10 /* PoCPDFTests.xctest */ = {isa = PBXFileReference; explicitFileType = wrapper.cfbundle; includeInIndex = 0; path = PoCPDFTests.xctest; sourceTree = BUILT_PRODUCTS_DIR; };
		0CAFAAB6299AAB7600BB9F10 /* PoCPDFTests.swift */ = {isa = PBXFileReference; lastKnownFileType = sourcecode.swift; path = PoCPDFTests.swift; sourceTree = "<group>"; };
		0CAFAABC299AAB7600BB9F10 /* PoCPDFUITests.xctest */ = {isa = PBXFileReference; explicitFileType = wrapper.cfbundle; includeInIndex = 0; path = PoCPDFUITests.xctest; sourceTree = BUILT_PRODUCTS_DIR; };
		0CAFAAC0299AAB7600BB9F10 /* PoCPDFUITests.swift */ = {isa = PBXFileReference; lastKnownFileType = sourcecode.swift; path = PoCPDFUITests.swift; sourceTree = "<group>"; };
		0CAFAAC2299AAB7600BB9F10 /* PoCPDFUITestsLaunchTests.swift */ = {isa = PBXFileReference; lastKnownFileType = sourcecode.swift; path = PoCPDFUITestsLaunchTests.swift; sourceTree = "<group>"; };
		0CAFAAD0299AB1B200BB9F10 /* PDFKit.framework */ = {isa = PBXFileReference; lastKnownFileType = wrapper.framework; name = PDFKit.framework; path = System/Library/Frameworks/PDFKit.framework; sourceTree = SDKROOT; };
		0CBBEEC529A6F053003B15E1 /* DMSBunierViewController.swift */ = {isa = PBXFileReference; lastKnownFileType = sourcecode.swift; path = DMSBunierViewController.swift; sourceTree = "<group>"; };
		0CBBEEC729A6F112003B15E1 /* FranceschiExemploExame.pdf */ = {isa = PBXFileReference; lastKnownFileType = image.pdf; name = FranceschiExemploExame.pdf; path = Exames/FranceschiExemploExame.pdf; sourceTree = "<group>"; };
		0CBBEEC829A6F112003B15E1 /* FleuryExemploExame.pdf */ = {isa = PBXFileReference; lastKnownFileType = image.pdf; name = FleuryExemploExame.pdf; path = Exames/FleuryExemploExame.pdf; sourceTree = "<group>"; };
		0CBBEEC929A6F112003B15E1 /* DMSBunierExemplo.pdf */ = {isa = PBXFileReference; lastKnownFileType = image.pdf; name = DMSBunierExemplo.pdf; path = Exames/DMSBunierExemplo.pdf; sourceTree = "<group>"; };
		0CBBEECD29A6F648003B15E1 /* FlueryViewController.swift */ = {isa = PBXFileReference; lastKnownFileType = sourcecode.swift; path = FlueryViewController.swift; sourceTree = "<group>"; };
/* End PBXFileReference section */

/* Begin PBXFrameworksBuildPhase section */
		0CAFAA99299AAB7300BB9F10 /* Frameworks */ = {
			isa = PBXFrameworksBuildPhase;
			buildActionMask = 2147483647;
			files = (
				0CAFAAD1299AB1B200BB9F10 /* PDFKit.framework in Frameworks */,
			);
			runOnlyForDeploymentPostprocessing = 0;
		};
		0CAFAAAF299AAB7600BB9F10 /* Frameworks */ = {
			isa = PBXFrameworksBuildPhase;
			buildActionMask = 2147483647;
			files = (
			);
			runOnlyForDeploymentPostprocessing = 0;
		};
		0CAFAAB9299AAB7600BB9F10 /* Frameworks */ = {
			isa = PBXFrameworksBuildPhase;
			buildActionMask = 2147483647;
			files = (
			);
			runOnlyForDeploymentPostprocessing = 0;
		};
/* End PBXFrameworksBuildPhase section */

/* Begin PBXGroup section */
		0CAFAA93299AAB7300BB9F10 = {
			isa = PBXGroup;
			children = (
				0CBBEEC929A6F112003B15E1 /* DMSBunierExemplo.pdf */,
				0CBBEEC829A6F112003B15E1 /* FleuryExemploExame.pdf */,
				0CBBEEC729A6F112003B15E1 /* FranceschiExemploExame.pdf */,
				0CAFAA9E299AAB7300BB9F10 /* PoCPDF */,
				0CAFAAB5299AAB7600BB9F10 /* PoCPDFTests */,
				0CAFAABF299AAB7600BB9F10 /* PoCPDFUITests */,
				0CAFAA9D299AAB7300BB9F10 /* Products */,
				0CAFAACF299AB1B100BB9F10 /* Frameworks */,
			);
			sourceTree = "<group>";
		};
		0CAFAA9D299AAB7300BB9F10 /* Products */ = {
			isa = PBXGroup;
			children = (
				0CAFAA9C299AAB7300BB9F10 /* PoCPDF.app */,
				0CAFAAB2299AAB7600BB9F10 /* PoCPDFTests.xctest */,
				0CAFAABC299AAB7600BB9F10 /* PoCPDFUITests.xctest */,
			);
			name = Products;
			sourceTree = "<group>";
		};
		0CAFAA9E299AAB7300BB9F10 /* PoCPDF */ = {
			isa = PBXGroup;
			children = (
				0CAFAA9F299AAB7300BB9F10 /* AppDelegate.swift */,
				0CAFAAA1299AAB7300BB9F10 /* SceneDelegate.swift */,
				0CAFAAA3299AAB7300BB9F10 /* FranceschiViewController.swift */,
				0CBBEEC529A6F053003B15E1 /* DMSBunierViewController.swift */,
				0CBBEECD29A6F648003B15E1 /* FlueryViewController.swift */,
				0CAFAAA8299AAB7600BB9F10 /* Assets.xcassets */,
				0CAFAAAA299AAB7600BB9F10 /* LaunchScreen.storyboard */,
				0CAFAAAD299AAB7600BB9F10 /* Info.plist */,
			);
			path = PoCPDF;
			sourceTree = "<group>";
		};
		0CAFAAB5299AAB7600BB9F10 /* PoCPDFTests */ = {
			isa = PBXGroup;
			children = (
				0CAFAAB6299AAB7600BB9F10 /* PoCPDFTests.swift */,
			);
			path = PoCPDFTests;
			sourceTree = "<group>";
		};
		0CAFAABF299AAB7600BB9F10 /* PoCPDFUITests */ = {
			isa = PBXGroup;
			children = (
				0CAFAAC0299AAB7600BB9F10 /* PoCPDFUITests.swift */,
				0CAFAAC2299AAB7600BB9F10 /* PoCPDFUITestsLaunchTests.swift */,
			);
			path = PoCPDFUITests;
			sourceTree = "<group>";
		};
		0CAFAACF299AB1B100BB9F10 /* Frameworks */ = {
			isa = PBXGroup;
			children = (
				0CAFAAD0299AB1B200BB9F10 /* PDFKit.framework */,
			);
			name = Frameworks;
			sourceTree = "<group>";
		};
/* End PBXGroup section */

/* Begin PBXNativeTarget section */
		0CAFAA9B299AAB7300BB9F10 /* PoCPDF */ = {
			isa = PBXNativeTarget;
			buildConfigurationList = 0CAFAAC6299AAB7600BB9F10 /* Build configuration list for PBXNativeTarget "PoCPDF" */;
			buildPhases = (
				0CAFAA98299AAB7300BB9F10 /* Sources */,
				0CAFAA99299AAB7300BB9F10 /* Frameworks */,
				0CAFAA9A299AAB7300BB9F10 /* Resources */,
			);
			buildRules = (
			);
			dependencies = (
			);
			name = PoCPDF;
			productName = PoCPDF;
			productReference = 0CAFAA9C299AAB7300BB9F10 /* PoCPDF.app */;
			productType = "com.apple.product-type.application";
		};
		0CAFAAB1299AAB7600BB9F10 /* PoCPDFTests */ = {
			isa = PBXNativeTarget;
			buildConfigurationList = 0CAFAAC9299AAB7600BB9F10 /* Build configuration list for PBXNativeTarget "PoCPDFTests" */;
			buildPhases = (
				0CAFAAAE299AAB7600BB9F10 /* Sources */,
				0CAFAAAF299AAB7600BB9F10 /* Frameworks */,
				0CAFAAB0299AAB7600BB9F10 /* Resources */,
			);
			buildRules = (
			);
			dependencies = (
				0CAFAAB4299AAB7600BB9F10 /* PBXTargetDependency */,
			);
			name = PoCPDFTests;
			productName = PoCPDFTests;
			productReference = 0CAFAAB2299AAB7600BB9F10 /* PoCPDFTests.xctest */;
			productType = "com.apple.product-type.bundle.unit-test";
		};
		0CAFAABB299AAB7600BB9F10 /* PoCPDFUITests */ = {
			isa = PBXNativeTarget;
			buildConfigurationList = 0CAFAACC299AAB7600BB9F10 /* Build configuration list for PBXNativeTarget "PoCPDFUITests" */;
			buildPhases = (
				0CAFAAB8299AAB7600BB9F10 /* Sources */,
				0CAFAAB9299AAB7600BB9F10 /* Frameworks */,
				0CAFAABA299AAB7600BB9F10 /* Resources */,
			);
			buildRules = (
			);
			dependencies = (
				0CAFAABE299AAB7600BB9F10 /* PBXTargetDependency */,
			);
			name = PoCPDFUITests;
			productName = PoCPDFUITests;
			productReference = 0CAFAABC299AAB7600BB9F10 /* PoCPDFUITests.xctest */;
			productType = "com.apple.product-type.bundle.ui-testing";
		};
/* End PBXNativeTarget section */

/* Begin PBXProject section */
		0CAFAA94299AAB7300BB9F10 /* Project object */ = {
			isa = PBXProject;
			attributes = {
				BuildIndependentTargetsInParallel = 1;
				LastSwiftUpdateCheck = 1420;
				LastUpgradeCheck = 1420;
				TargetAttributes = {
					0CAFAA9B299AAB7300BB9F10 = {
						CreatedOnToolsVersion = 14.2;
					};
					0CAFAAB1299AAB7600BB9F10 = {
						CreatedOnToolsVersion = 14.2;
						TestTargetID = 0CAFAA9B299AAB7300BB9F10;
					};
					0CAFAABB299AAB7600BB9F10 = {
						CreatedOnToolsVersion = 14.2;
						TestTargetID = 0CAFAA9B299AAB7300BB9F10;
					};
				};
			};
			buildConfigurationList = 0CAFAA97299AAB7300BB9F10 /* Build configuration list for PBXProject "PoCPDF" */;
			compatibilityVersion = "Xcode 14.0";
			developmentRegion = en;
			hasScannedForEncodings = 0;
			knownRegions = (
				en,
				Base,
			);
			mainGroup = 0CAFAA93299AAB7300BB9F10;
			productRefGroup = 0CAFAA9D299AAB7300BB9F10 /* Products */;
			projectDirPath = "";
			projectRoot = "";
			targets = (
				0CAFAA9B299AAB7300BB9F10 /* PoCPDF */,
				0CAFAAB1299AAB7600BB9F10 /* PoCPDFTests */,
				0CAFAABB299AAB7600BB9F10 /* PoCPDFUITests */,
			);
		};
/* End PBXProject section */

/* Begin PBXResourcesBuildPhase section */
		0CAFAA9A299AAB7300BB9F10 /* Resources */ = {
			isa = PBXResourcesBuildPhase;
			buildActionMask = 2147483647;
			files = (
				0CAFAAAC299AAB7600BB9F10 /* LaunchScreen.storyboard in Resources */,
				0CAFAAA9299AAB7600BB9F10 /* Assets.xcassets in Resources */,
				0CBBEECA29A6F112003B15E1 /* FranceschiExemploExame.pdf in Resources */,
				0CBBEECB29A6F112003B15E1 /* FleuryExemploExame.pdf in Resources */,
				0CBBEECC29A6F112003B15E1 /* DMSBunierExemplo.pdf in Resources */,
			);
			runOnlyForDeploymentPostprocessing = 0;
		};
		0CAFAAB0299AAB7600BB9F10 /* Resources */ = {
			isa = PBXResourcesBuildPhase;
			buildActionMask = 2147483647;
			files = (
			);
			runOnlyForDeploymentPostprocessing = 0;
		};
		0CAFAABA299AAB7600BB9F10 /* Resources */ = {
			isa = PBXResourcesBuildPhase;
			buildActionMask = 2147483647;
			files = (
			);
			runOnlyForDeploymentPostprocessing = 0;
		};
/* End PBXResourcesBuildPhase section */

/* Begin PBXSourcesBuildPhase section */
		0CAFAA98299AAB7300BB9F10 /* Sources */ = {
			isa = PBXSourcesBuildPhase;
			buildActionMask = 2147483647;
			files = (
				0CBBEEC629A6F053003B15E1 /* DMSBunierViewController.swift in Sources */,
				0CAFAAA4299AAB7300BB9F10 /* FranceschiViewController.swift in Sources */,
				0CAFAAA0299AAB7300BB9F10 /* AppDelegate.swift in Sources */,
				0CAFAAA2299AAB7300BB9F10 /* SceneDelegate.swift in Sources */,
				0CBBEECE29A6F648003B15E1 /* FlueryViewController.swift in Sources */,
			);
			runOnlyForDeploymentPostprocessing = 0;
		};
		0CAFAAAE299AAB7600BB9F10 /* Sources */ = {
			isa = PBXSourcesBuildPhase;
			buildActionMask = 2147483647;
			files = (
				0CAFAAB7299AAB7600BB9F10 /* PoCPDFTests.swift in Sources */,
			);
			runOnlyForDeploymentPostprocessing = 0;
		};
		0CAFAAB8299AAB7600BB9F10 /* Sources */ = {
			isa = PBXSourcesBuildPhase;
			buildActionMask = 2147483647;
			files = (
				0CAFAAC3299AAB7600BB9F10 /* PoCPDFUITestsLaunchTests.swift in Sources */,
				0CAFAAC1299AAB7600BB9F10 /* PoCPDFUITests.swift in Sources */,
			);
			runOnlyForDeploymentPostprocessing = 0;
		};
/* End PBXSourcesBuildPhase section */

/* Begin PBXTargetDependency section */
		0CAFAAB4299AAB7600BB9F10 /* PBXTargetDependency */ = {
			isa = PBXTargetDependency;
			target = 0CAFAA9B299AAB7300BB9F10 /* PoCPDF */;
			targetProxy = 0CAFAAB3299AAB7600BB9F10 /* PBXContainerItemProxy */;
		};
		0CAFAABE299AAB7600BB9F10 /* PBXTargetDependency */ = {
			isa = PBXTargetDependency;
			target = 0CAFAA9B299AAB7300BB9F10 /* PoCPDF */;
			targetProxy = 0CAFAABD299AAB7600BB9F10 /* PBXContainerItemProxy */;
		};
/* End PBXTargetDependency section */

/* Begin PBXVariantGroup section */
		0CAFAAAA299AAB7600BB9F10 /* LaunchScreen.storyboard */ = {
			isa = PBXVariantGroup;
			children = (
				0CAFAAAB299AAB7600BB9F10 /* Base */,
			);
			name = LaunchScreen.storyboard;
			sourceTree = "<group>";
		};
/* End PBXVariantGroup section */

/* Begin XCBuildConfiguration section */
		0CAFAAC4299AAB7600BB9F10 /* Debug */ = {
			isa = XCBuildConfiguration;
			buildSettings = {
				ALWAYS_SEARCH_USER_PATHS = NO;
				CLANG_ANALYZER_NONNULL = YES;
				CLANG_ANALYZER_NUMBER_OBJECT_CONVERSION = YES_AGGRESSIVE;
				CLANG_CXX_LANGUAGE_STANDARD = "gnu++20";
				CLANG_ENABLE_MODULES = YES;
				CLANG_ENABLE_OBJC_ARC = YES;
				CLANG_ENABLE_OBJC_WEAK = YES;
				CLANG_WARN_BLOCK_CAPTURE_AUTORELEASING = YES;
				CLANG_WARN_BOOL_CONVERSION = YES;
				CLANG_WARN_COMMA = YES;
				CLANG_WARN_CONSTANT_CONVERSION = YES;
				CLANG_WARN_DEPRECATED_OBJC_IMPLEMENTATIONS = YES;
				CLANG_WARN_DIRECT_OBJC_ISA_USAGE = YES_ERROR;
				CLANG_WARN_DOCUMENTATION_COMMENTS = YES;
				CLANG_WARN_EMPTY_BODY = YES;
				CLANG_WARN_ENUM_CONVERSION = YES;
				CLANG_WARN_INFINITE_RECURSION = YES;
				CLANG_WARN_INT_CONVERSION = YES;
				CLANG_WARN_NON_LITERAL_NULL_CONVERSION = YES;
				CLANG_WARN_OBJC_IMPLICIT_RETAIN_SELF = YES;
				CLANG_WARN_OBJC_LITERAL_CONVERSION = YES;
				CLANG_WARN_OBJC_ROOT_CLASS = YES_ERROR;
				CLANG_WARN_QUOTED_INCLUDE_IN_FRAMEWORK_HEADER = YES;
				CLANG_WARN_RANGE_LOOP_ANALYSIS = YES;
				CLANG_WARN_STRICT_PROTOTYPES = YES;
				CLANG_WARN_SUSPICIOUS_MOVE = YES;
				CLANG_WARN_UNGUARDED_AVAILABILITY = YES_AGGRESSIVE;
				CLANG_WARN_UNREACHABLE_CODE = YES;
				CLANG_WARN__DUPLICATE_METHOD_MATCH = YES;
				COPY_PHASE_STRIP = NO;
				DEBUG_INFORMATION_FORMAT = dwarf;
				ENABLE_STRICT_OBJC_MSGSEND = YES;
				ENABLE_TESTABILITY = YES;
				GCC_C_LANGUAGE_STANDARD = gnu11;
				GCC_DYNAMIC_NO_PIC = NO;
				GCC_NO_COMMON_BLOCKS = YES;
				GCC_OPTIMIZATION_LEVEL = 0;
				GCC_PREPROCESSOR_DEFINITIONS = (
					"DEBUG=1",
					"$(inherited)",
				);
				GCC_WARN_64_TO_32_BIT_CONVERSION = YES;
				GCC_WARN_ABOUT_RETURN_TYPE = YES_ERROR;
				GCC_WARN_UNDECLARED_SELECTOR = YES;
				GCC_WARN_UNINITIALIZED_AUTOS = YES_AGGRESSIVE;
				GCC_WARN_UNUSED_FUNCTION = YES;
				GCC_WARN_UNUSED_VARIABLE = YES;
				IPHONEOS_DEPLOYMENT_TARGET = 16.2;
				MTL_ENABLE_DEBUG_INFO = INCLUDE_SOURCE;
				MTL_FAST_MATH = YES;
				ONLY_ACTIVE_ARCH = YES;
				SDKROOT = iphoneos;
				SWIFT_ACTIVE_COMPILATION_CONDITIONS = DEBUG;
				SWIFT_OPTIMIZATION_LEVEL = "-Onone";
			};
			name = Debug;
		};
		0CAFAAC5299AAB7600BB9F10 /* Release */ = {
			isa = XCBuildConfiguration;
			buildSettings = {
				ALWAYS_SEARCH_USER_PATHS = NO;
				CLANG_ANALYZER_NONNULL = YES;
				CLANG_ANALYZER_NUMBER_OBJECT_CONVERSION = YES_AGGRESSIVE;
				CLANG_CXX_LANGUAGE_STANDARD = "gnu++20";
				CLANG_ENABLE_MODULES = YES;
				CLANG_ENABLE_OBJC_ARC = YES;
				CLANG_ENABLE_OBJC_WEAK = YES;
				CLANG_WARN_BLOCK_CAPTURE_AUTORELEASING = YES;
				CLANG_WARN_BOOL_CONVERSION = YES;
				CLANG_WARN_COMMA = YES;
				CLANG_WARN_CONSTANT_CONVERSION = YES;
				CLANG_WARN_DEPRECATED_OBJC_IMPLEMENTATIONS = YES;
				CLANG_WARN_DIRECT_OBJC_ISA_USAGE = YES_ERROR;
				CLANG_WARN_DOCUMENTATION_COMMENTS = YES;
				CLANG_WARN_EMPTY_BODY = YES;
				CLANG_WARN_ENUM_CONVERSION = YES;
				CLANG_WARN_INFINITE_RECURSION = YES;
				CLANG_WARN_INT_CONVERSION = YES;
				CLANG_WARN_NON_LITERAL_NULL_CONVERSION = YES;
				CLANG_WARN_OBJC_IMPLICIT_RETAIN_SELF = YES;
				CLANG_WARN_OBJC_LITERAL_CONVERSION = YES;
				CLANG_WARN_OBJC_ROOT_CLASS = YES_ERROR;
				CLANG_WARN_QUOTED_INCLUDE_IN_FRAMEWORK_HEADER = YES;
				CLANG_WARN_RANGE_LOOP_ANALYSIS = YES;
				CLANG_WARN_STRICT_PROTOTYPES = YES;
				CLANG_WARN_SUSPICIOUS_MOVE = YES;
				CLANG_WARN_UNGUARDED_AVAILABILITY = YES_AGGRESSIVE;
				CLANG_WARN_UNREACHABLE_CODE = YES;
				CLANG_WARN__DUPLICATE_METHOD_MATCH = YES;
				COPY_PHASE_STRIP = NO;
				DEBUG_INFORMATION_FORMAT = "dwarf-with-dsym";
				ENABLE_NS_ASSERTIONS = NO;
				ENABLE_STRICT_OBJC_MSGSEND = YES;
				GCC_C_LANGUAGE_STANDARD = gnu11;
				GCC_NO_COMMON_BLOCKS = YES;
				GCC_WARN_64_TO_32_BIT_CONVERSION = YES;
				GCC_WARN_ABOUT_RETURN_TYPE = YES_ERROR;
				GCC_WARN_UNDECLARED_SELECTOR = YES;
				GCC_WARN_UNINITIALIZED_AUTOS = YES_AGGRESSIVE;
				GCC_WARN_UNUSED_FUNCTION = YES;
				GCC_WARN_UNUSED_VARIABLE = YES;
				IPHONEOS_DEPLOYMENT_TARGET = 16.2;
				MTL_ENABLE_DEBUG_INFO = NO;
				MTL_FAST_MATH = YES;
				SDKROOT = iphoneos;
				SWIFT_COMPILATION_MODE = wholemodule;
				SWIFT_OPTIMIZATION_LEVEL = "-O";
				VALIDATE_PRODUCT = YES;
			};
			name = Release;
		};
		0CAFAAC7299AAB7600BB9F10 /* Debug */ = {
			isa = XCBuildConfiguration;
			buildSettings = {
				ASSETCATALOG_COMPILER_APPICON_NAME = AppIcon;
				ASSETCATALOG_COMPILER_GLOBAL_ACCENT_COLOR_NAME = AccentColor;
				CODE_SIGN_STYLE = Automatic;
				CURRENT_PROJECT_VERSION = 1;
				DEVELOPMENT_TEAM = NPP939B292;
				GENERATE_INFOPLIST_FILE = YES;
				INFOPLIST_FILE = PoCPDF/Info.plist;
				INFOPLIST_KEY_UIApplicationSupportsIndirectInputEvents = YES;
				INFOPLIST_KEY_UILaunchStoryboardName = LaunchScreen;
				INFOPLIST_KEY_UISupportedInterfaceOrientations_iPad = "UIInterfaceOrientationPortrait UIInterfaceOrientationPortraitUpsideDown UIInterfaceOrientationLandscapeLeft UIInterfaceOrientationLandscapeRight";
				INFOPLIST_KEY_UISupportedInterfaceOrientations_iPhone = "UIInterfaceOrientationPortrait UIInterfaceOrientationLandscapeLeft UIInterfaceOrientationLandscapeRight";
				LD_RUNPATH_SEARCH_PATHS = (
					"$(inherited)",
					"@executable_path/Frameworks",
				);
				MARKETING_VERSION = 1.0;
				PRODUCT_BUNDLE_IDENTIFIER = com.pedrorinzo.PoCPDF;
				PRODUCT_NAME = "$(TARGET_NAME)";
				SWIFT_EMIT_LOC_STRINGS = YES;
				SWIFT_VERSION = 5.0;
				TARGETED_DEVICE_FAMILY = "1,2";
			};
			name = Debug;
		};
		0CAFAAC8299AAB7600BB9F10 /* Release */ = {
			isa = XCBuildConfiguration;
			buildSettings = {
				ASSETCATALOG_COMPILER_APPICON_NAME = AppIcon;
				ASSETCATALOG_COMPILER_GLOBAL_ACCENT_COLOR_NAME = AccentColor;
				CODE_SIGN_STYLE = Automatic;
				CURRENT_PROJECT_VERSION = 1;
				DEVELOPMENT_TEAM = NPP939B292;
				GENERATE_INFOPLIST_FILE = YES;
				INFOPLIST_FILE = PoCPDF/Info.plist;
				INFOPLIST_KEY_UIApplicationSupportsIndirectInputEvents = YES;
				INFOPLIST_KEY_UILaunchStoryboardName = LaunchScreen;
				INFOPLIST_KEY_UISupportedInterfaceOrientations_iPad = "UIInterfaceOrientationPortrait UIInterfaceOrientationPortraitUpsideDown UIInterfaceOrientationLandscapeLeft UIInterfaceOrientationLandscapeRight";
				INFOPLIST_KEY_UISupportedInterfaceOrientations_iPhone = "UIInterfaceOrientationPortrait UIInterfaceOrientationLandscapeLeft UIInterfaceOrientationLandscapeRight";
				LD_RUNPATH_SEARCH_PATHS = (
					"$(inherited)",
					"@executable_path/Frameworks",
				);
				MARKETING_VERSION = 1.0;
				PRODUCT_BUNDLE_IDENTIFIER = com.pedrorinzo.PoCPDF;
				PRODUCT_NAME = "$(TARGET_NAME)";
				SWIFT_EMIT_LOC_STRINGS = YES;
				SWIFT_VERSION = 5.0;
				TARGETED_DEVICE_FAMILY = "1,2";
			};
			name = Release;
		};
		0CAFAACA299AAB7600BB9F10 /* Debug */ = {
			isa = XCBuildConfiguration;
			buildSettings = {
				ALWAYS_EMBED_SWIFT_STANDARD_LIBRARIES = YES;
				BUNDLE_LOADER = "$(TEST_HOST)";
				CODE_SIGN_STYLE = Automatic;
				CURRENT_PROJECT_VERSION = 1;
				DEVELOPMENT_TEAM = NPP939B292;
				GENERATE_INFOPLIST_FILE = YES;
				IPHONEOS_DEPLOYMENT_TARGET = 16.2;
				MARKETING_VERSION = 1.0;
				PRODUCT_BUNDLE_IDENTIFIER = com.pedrorinzo.PoCPDFTests;
				PRODUCT_NAME = "$(TARGET_NAME)";
				SWIFT_EMIT_LOC_STRINGS = NO;
				SWIFT_VERSION = 5.0;
				TARGETED_DEVICE_FAMILY = "1,2";
				TEST_HOST = "$(BUILT_PRODUCTS_DIR)/PoCPDF.app/$(BUNDLE_EXECUTABLE_FOLDER_PATH)/PoCPDF";
			};
			name = Debug;
		};
		0CAFAACB299AAB7600BB9F10 /* Release */ = {
			isa = XCBuildConfiguration;
			buildSettings = {
				ALWAYS_EMBED_SWIFT_STANDARD_LIBRARIES = YES;
				BUNDLE_LOADER = "$(TEST_HOST)";
				CODE_SIGN_STYLE = Automatic;
				CURRENT_PROJECT_VERSION = 1;
				DEVELOPMENT_TEAM = NPP939B292;
				GENERATE_INFOPLIST_FILE = YES;
				IPHONEOS_DEPLOYMENT_TARGET = 16.2;
				MARKETING_VERSION = 1.0;
				PRODUCT_BUNDLE_IDENTIFIER = com.pedrorinzo.PoCPDFTests;
				PRODUCT_NAME = "$(TARGET_NAME)";
				SWIFT_EMIT_LOC_STRINGS = NO;
				SWIFT_VERSION = 5.0;
				TARGETED_DEVICE_FAMILY = "1,2";
				TEST_HOST = "$(BUILT_PRODUCTS_DIR)/PoCPDF.app/$(BUNDLE_EXECUTABLE_FOLDER_PATH)/PoCPDF";
			};
			name = Release;
		};
		0CAFAACD299AAB7600BB9F10 /* Debug */ = {
			isa = XCBuildConfiguration;
			buildSettings = {
				ALWAYS_EMBED_SWIFT_STANDARD_LIBRARIES = YES;
				CODE_SIGN_STYLE = Automatic;
				CURRENT_PROJECT_VERSION = 1;
				DEVELOPMENT_TEAM = NPP939B292;
				GENERATE_INFOPLIST_FILE = YES;
				MARKETING_VERSION = 1.0;
				PRODUCT_BUNDLE_IDENTIFIER = com.pedrorinzo.PoCPDFUITests;
				PRODUCT_NAME = "$(TARGET_NAME)";
				SWIFT_EMIT_LOC_STRINGS = NO;
				SWIFT_VERSION = 5.0;
				TARGETED_DEVICE_FAMILY = "1,2";
				TEST_TARGET_NAME = PoCPDF;
			};
			name = Debug;
		};
		0CAFAACE299AAB7600BB9F10 /* Release */ = {
			isa = XCBuildConfiguration;
			buildSettings = {
				ALWAYS_EMBED_SWIFT_STANDARD_LIBRARIES = YES;
				CODE_SIGN_STYLE = Automatic;
				CURRENT_PROJECT_VERSION = 1;
				DEVELOPMENT_TEAM = NPP939B292;
				GENERATE_INFOPLIST_FILE = YES;
				MARKETING_VERSION = 1.0;
				PRODUCT_BUNDLE_IDENTIFIER = com.pedrorinzo.PoCPDFUITests;
				PRODUCT_NAME = "$(TARGET_NAME)";
				SWIFT_EMIT_LOC_STRINGS = NO;
				SWIFT_VERSION = 5.0;
				TARGETED_DEVICE_FAMILY = "1,2";
				TEST_TARGET_NAME = PoCPDF;
			};
			name = Release;
		};
/* End XCBuildConfiguration section */

/* Begin XCConfigurationList section */
		0CAFAA97299AAB7300BB9F10 /* Build configuration list for PBXProject "PoCPDF" */ = {
			isa = XCConfigurationList;
			buildConfigurations = (
				0CAFAAC4299AAB7600BB9F10 /* Debug */,
				0CAFAAC5299AAB7600BB9F10 /* Release */,
			);
			defaultConfigurationIsVisible = 0;
			defaultConfigurationName = Release;
		};
		0CAFAAC6299AAB7600BB9F10 /* Build configuration list for PBXNativeTarget "PoCPDF" */ = {
			isa = XCConfigurationList;
			buildConfigurations = (
				0CAFAAC7299AAB7600BB9F10 /* Debug */,
				0CAFAAC8299AAB7600BB9F10 /* Release */,
			);
			defaultConfigurationIsVisible = 0;
			defaultConfigurationName = Release;
		};
		0CAFAAC9299AAB7600BB9F10 /* Build configuration list for PBXNativeTarget "PoCPDFTests" */ = {
			isa = XCConfigurationList;
			buildConfigurations = (
				0CAFAACA299AAB7600BB9F10 /* Debug */,
				0CAFAACB299AAB7600BB9F10 /* Release */,
			);
			defaultConfigurationIsVisible = 0;
			defaultConfigurationName = Release;
		};
		0CAFAACC299AAB7600BB9F10 /* Build configuration list for PBXNativeTarget "PoCPDFUITests" */ = {
			isa = XCConfigurationList;
			buildConfigurations = (
				0CAFAACD299AAB7600BB9F10 /* Debug */,
				0CAFAACE299AAB7600BB9F10 /* Release */,
			);
			defaultConfigurationIsVisible = 0;
			defaultConfigurationName = Release;
		};
/* End XCConfigurationList section */
	};
	rootObject = 0CAFAA94299AAB7300BB9F10 /* Project object */;
}
